# Code generated by scarb DO NOT EDIT.
version = 1

[[package]]
name = "chess"
version = "0.4.0"
dependencies = [
 "dojo",
]

[[package]]
name = "cubit"
version = "1.3.0"
source = "git+https://github.com/notV4l/cubit.git?rev=5aa99005#5aa99005475012a04421e85c8fa3dc77f53c8ca3"

[[package]]
name = "dojo"
version = "0.5.1"
source = "git+https://github.com/dojoengine/dojo?tag=v0.6.0-alpha.2#db0c4d783c3626a8d69d5035e2ae352595d86763"
dependencies = [
 "dojo_plugin",
]

[[package]]
name = "dojo_plugin"
version = "0.3.11"
source = "git+https://github.com/dojoengine/dojo?tag=v0.3.11#1e651b5d4d3b79b14a7d8aa29a92062fcb9e6659"

[[package]]
name = "hex_map"
version = "0.0.0"
dependencies = [
 "cubit",
 "dojo",
 "origami",
]

[[package]]
name = "market"
version = "0.0.0"
dependencies = [
 "cubit",
 "dojo",
]

[[package]]
name = "origami"
version = "0.6.0-alpha.0"
dependencies = [
 "cubit",
 "dojo",
]

[[package]]
name = "projectile"
version = "0.0.0"
dependencies = [
 "cubit",
 "dojo",
 "origami",
]

[[package]]
name = "token"
version = "0.0.0"
dependencies = [
 "dojo",
]
