# Code generated by scarb DO NOT EDIT.
version = 1

[[package]]
name = "dojo"
version = "0.3.2"
source = "git+https://github.com/dojoengine/dojo.git?tag=v0.3.2#a0fa1ad96fb98c088be05da6178f43217891c8c6"
dependencies = [
 "dojo_plugin",
]

[[package]]
name = "dojo_plugin"
version = "0.3.2"

[[package]]
name = "random"
version = "0.0.0"
dependencies = [
 "dojo",
]

[[package]]
name = "security"
version = "0.0.0"
dependencies = [
 "dojo",
]
