# Code generated by scarb DO NOT EDIT.
version = 1

[[package]]
name = "cubit"
version = "1.2.0"
source = "git+https://github.com/influenceth/cubit?rev=b459053#b4590530d5aeae9aabd36740cc2a3d9e6adc5fde"

[[package]]
name = "dojo"
version = "0.3.3"
source = "git+https://github.com/dojoengine/dojo.git?tag=v0.3.3#3c9f109e667ca5d12739e6553fdb8261378f4ecf"
dependencies = [
 "dojo_plugin",
]

[[package]]
name = "dojo_plugin"
version = "0.3.3"

[[package]]
name = "market"
version = "0.0.0"
dependencies = [
 "cubit",
 "dojo",
]
